
Microsoft Visual Studio Solution File, Format Version 12.00
# Visual Studio Version 17
VisualStudioVersion = 17.5.33627.172
MinimumVisualStudioVersion = 10.0.40219.1
Project("{FAE04EC0-301F-11D3-BF4B-00C04F79EFBC}") = "CRUD-ASP-NET-CORE-EntityFramework", "CRUD-ASP-NET-CORE-EntityFramework\CRUD-ASP-NET-CORE-EntityFramework.csproj", "{C6B1023B-9228-4978-B79C-52A01ED0C002}"
EndProject
Global
	GlobalSection(SolutionConfigurationPlatforms) = preSolution
		Debug|Any CPU = Debug|Any CPU
		Release|Any CPU = Release|Any CPU
	EndGlobalSection
	GlobalSection(ProjectConfigurationPlatforms) = postSolution
		{C6B1023B-9228-4978-B79C-52A01ED0C002}.Debug|Any CPU.ActiveCfg = Debug|Any CPU
		{C6B1023B-9228-4978-B79C-52A01ED0C002}.Debug|Any CPU.Build.0 = Debug|Any CPU
		{C6B1023B-9228-4978-B79C-52A01ED0C002}.Release|Any CPU.ActiveCfg = Release|Any CPU
		{C6B1023B-9228-4978-B79C-52A01ED0C002}.Release|Any CPU.Build.0 = Release|Any CPU
	EndGlobalSection
	GlobalSection(SolutionProperties) = preSolution
		HideSolutionNode = FALSE
	EndGlobalSection
	GlobalSection(ExtensibilityGlobals) = postSolution
		SolutionGuid = {EC81EBBD-D165-48B8-9638-AD9323B9F657}
	EndGlobalSection
EndGlobal
